
Microsoft Visual Studio Solution File, Format Version 12.00
# Visual Studio Version 16
VisualStudioVersion = 16.0.31515.178
MinimumVisualStudioVersion = 10.0.40219.1
Project("{2150E333-8FDC-42A3-9474-1A3956D46DE8}") = "ConsoleUI", "ConsoleUI", "{DA341724-23C1-4382-8016-915ED79E5662}"
EndProject
Project("{2150E333-8FDC-42A3-9474-1A3956D46DE8}") = "LogicGame", "LogicGame", "{DCF6153D-6BF1-4FB2-AC34-BFD6041486AE}"
EndProject
Global
	GlobalSection(SolutionProperties) = preSolution
		HideSolutionNode = FALSE
	EndGlobalSection
	GlobalSection(ExtensibilityGlobals) = postSolution
		SolutionGuid = {8CFF80F9-6FF2-497A-A4ED-B0673E152C66}
	EndGlobalSection
EndGlobal
