
Microsoft Visual Studio Solution File, Format Version 12.00
# Visual Studio Version 16
VisualStudioVersion = 16.0.31515.178
MinimumVisualStudioVersion = 10.0.40219.1
Project("{FAE04EC0-301F-11D3-BF4B-00C04F79EFBC}") = "Ex2.ConsoleUI", "Ex3.ConsoleUI\Ex2.ConsoleUI.csproj", "{3F654D66-930F-40B2-AA67-0F54660455DE}"
EndProject
Project("{FAE04EC0-301F-11D3-BF4B-00C04F79EFBC}") = "Ex2.GameManager", "Ex2.GameManager\Ex2.GameManager.csproj", "{AAB65E66-6B5D-469F-B2B1-3FC8FC700F24}"
EndProject
Global
	GlobalSection(SolutionConfigurationPlatforms) = preSolution
		Debug|Any CPU = Debug|Any CPU
		Release|Any CPU = Release|Any CPU
	EndGlobalSection
	GlobalSection(ProjectConfigurationPlatforms) = postSolution
		{3F654D66-930F-40B2-AA67-0F54660455DE}.Debug|Any CPU.ActiveCfg = Debug|Any CPU
		{3F654D66-930F-40B2-AA67-0F54660455DE}.Debug|Any CPU.Build.0 = Debug|Any CPU
		{3F654D66-930F-40B2-AA67-0F54660455DE}.Release|Any CPU.ActiveCfg = Release|Any CPU
		{3F654D66-930F-40B2-AA67-0F54660455DE}.Release|Any CPU.Build.0 = Release|Any CPU
		{AAB65E66-6B5D-469F-B2B1-3FC8FC700F24}.Debug|Any CPU.ActiveCfg = Debug|Any CPU
		{AAB65E66-6B5D-469F-B2B1-3FC8FC700F24}.Debug|Any CPU.Build.0 = Debug|Any CPU
		{AAB65E66-6B5D-469F-B2B1-3FC8FC700F24}.Release|Any CPU.ActiveCfg = Release|Any CPU
		{AAB65E66-6B5D-469F-B2B1-3FC8FC700F24}.Release|Any CPU.Build.0 = Release|Any CPU
	EndGlobalSection
	GlobalSection(SolutionProperties) = preSolution
		HideSolutionNode = FALSE
	EndGlobalSection
	GlobalSection(ExtensibilityGlobals) = postSolution
		SolutionGuid = {7F6E7A4E-9E86-49A4-8248-94CCCFEF3178}
	EndGlobalSection
EndGlobal
