
Microsoft Visual Studio Solution File, Format Version 12.00
# Visual Studio Version 16
VisualStudioVersion = 16.0.31515.178
MinimumVisualStudioVersion = 10.0.40219.1
Project("{FAE04EC0-301F-11D3-BF4B-00C04F79EFBC}") = "C21_Ex02", "C21_Ex02\C21_Ex02.csproj", "{6C532FAA-FC73-42E1-AC54-881329D66B61}"
EndProject
Global
	GlobalSection(SolutionConfigurationPlatforms) = preSolution
		Debug|Any CPU = Debug|Any CPU
		Release|Any CPU = Release|Any CPU
	EndGlobalSection
	GlobalSection(ProjectConfigurationPlatforms) = postSolution
		{6C532FAA-FC73-42E1-AC54-881329D66B61}.Debug|Any CPU.ActiveCfg = Debug|Any CPU
		{6C532FAA-FC73-42E1-AC54-881329D66B61}.Debug|Any CPU.Build.0 = Debug|Any CPU
		{6C532FAA-FC73-42E1-AC54-881329D66B61}.Release|Any CPU.ActiveCfg = Release|Any CPU
		{6C532FAA-FC73-42E1-AC54-881329D66B61}.Release|Any CPU.Build.0 = Release|Any CPU
	EndGlobalSection
	GlobalSection(SolutionProperties) = preSolution
		HideSolutionNode = FALSE
	EndGlobalSection
	GlobalSection(ExtensibilityGlobals) = postSolution
		SolutionGuid = {7F6E7A4E-9E86-49A4-8248-94CCCFEF3178}
	EndGlobalSection
EndGlobal
