
Microsoft Visual Studio Solution File, Format Version 12.00
# Visual Studio Version 16
VisualStudioVersion = 16.0.31515.178
MinimumVisualStudioVersion = 10.0.40219.1
Project("{FAE04EC0-301F-11D3-BF4B-00C04F79EFBC}") = "Ex03.GarageLogic", "Ex03.GarageLogic\Ex03.GarageLogic.csproj", "{85EB8536-9297-4BF7-BA83-95C71EF1ECC4}"
EndProject
Project("{FAE04EC0-301F-11D3-BF4B-00C04F79EFBC}") = "Ex03.ConsoleUI", "Ex03.ConsoleUI\Ex03.ConsoleUI.csproj", "{FEFB567F-7B6F-4975-8417-7F5CC8F14AF2}"
EndProject
Global
	GlobalSection(SolutionConfigurationPlatforms) = preSolution
		Debug|Any CPU = Debug|Any CPU
		Release|Any CPU = Release|Any CPU
	EndGlobalSection
	GlobalSection(ProjectConfigurationPlatforms) = postSolution
		{85EB8536-9297-4BF7-BA83-95C71EF1ECC4}.Debug|Any CPU.ActiveCfg = Debug|Any CPU
		{85EB8536-9297-4BF7-BA83-95C71EF1ECC4}.Debug|Any CPU.Build.0 = Debug|Any CPU
		{85EB8536-9297-4BF7-BA83-95C71EF1ECC4}.Release|Any CPU.ActiveCfg = Release|Any CPU
		{85EB8536-9297-4BF7-BA83-95C71EF1ECC4}.Release|Any CPU.Build.0 = Release|Any CPU
		{FEFB567F-7B6F-4975-8417-7F5CC8F14AF2}.Debug|Any CPU.ActiveCfg = Debug|Any CPU
		{FEFB567F-7B6F-4975-8417-7F5CC8F14AF2}.Debug|Any CPU.Build.0 = Debug|Any CPU
		{FEFB567F-7B6F-4975-8417-7F5CC8F14AF2}.Release|Any CPU.ActiveCfg = Release|Any CPU
		{FEFB567F-7B6F-4975-8417-7F5CC8F14AF2}.Release|Any CPU.Build.0 = Release|Any CPU
	EndGlobalSection
	GlobalSection(SolutionProperties) = preSolution
		HideSolutionNode = FALSE
	EndGlobalSection
	GlobalSection(ExtensibilityGlobals) = postSolution
		SolutionGuid = {B4A1E1BC-161D-4E14-ACC6-DA2C729A4F8A}
	EndGlobalSection
EndGlobal
